
Microsoft Visual Studio Solution File, Format Version 12.00
# Visual Studio Version 17
VisualStudioVersion = 17.1.32407.343
MinimumVisualStudioVersion = 10.0.40219.1
Project("{FAE04EC0-301F-11D3-BF4B-00C04F79EFBC}") = "HashTable", "HashTable\HashTable.csproj", "{40914E52-737F-46DC-BF04-7C6C5089E1F1}"
EndProject
Global
	GlobalSection(SolutionConfigurationPlatforms) = preSolution
		Debug|Any CPU = Debug|Any CPU
		Release|Any CPU = Release|Any CPU
	EndGlobalSection
	GlobalSection(ProjectConfigurationPlatforms) = postSolution
		{40914E52-737F-46DC-BF04-7C6C5089E1F1}.Debug|Any CPU.ActiveCfg = Debug|Any CPU
		{40914E52-737F-46DC-BF04-7C6C5089E1F1}.Debug|Any CPU.Build.0 = Debug|Any CPU
		{40914E52-737F-46DC-BF04-7C6C5089E1F1}.Release|Any CPU.ActiveCfg = Release|Any CPU
		{40914E52-737F-46DC-BF04-7C6C5089E1F1}.Release|Any CPU.Build.0 = Release|Any CPU
	EndGlobalSection
	GlobalSection(SolutionProperties) = preSolution
		HideSolutionNode = FALSE
	EndGlobalSection
	GlobalSection(ExtensibilityGlobals) = postSolution
		SolutionGuid = {966F7FA1-EE0A-4CEF-A151-EB04AD6FB3E5}
	EndGlobalSection
EndGlobal
